
Microsoft Visual Studio Solution File, Format Version 12.00
# Visual Studio Version 16
VisualStudioVersion = 16.0.30011.22
MinimumVisualStudioVersion = 10.0.40219.1
Project("{9A19103F-16F7-4668-BE54-9A1E7A4F7556}") = "unidad2tp2", "unidad2tp2\unidad2tp2.csproj", "{BA9A9851-CF2A-41DD-ACC2-CEE365235913}"
EndProject
Project("{9A19103F-16F7-4668-BE54-9A1E7A4F7556}") = "ConsoleApp1", "ConsoleApp1\ConsoleApp1.csproj", "{76556359-E29F-4B72-98A9-9AD1D12C6BCF}"
EndProject
Project("{FAE04EC0-301F-11D3-BF4B-00C04F79EFBC}") = "funcion", "funcion\funcion.csproj", "{5D7E4017-280C-41F3-A65F-EED307CC9D72}"
EndProject
Project("{FAE04EC0-301F-11D3-BF4B-00C04F79EFBC}") = "procedimiento", "procedimiento\procedimiento.csproj", "{3CF965D0-B364-4D41-8285-E4E4FA2FAE26}"
EndProject
Global
	GlobalSection(SolutionConfigurationPlatforms) = preSolution
		Debug|Any CPU = Debug|Any CPU
		Release|Any CPU = Release|Any CPU
	EndGlobalSection
	GlobalSection(ProjectConfigurationPlatforms) = postSolution
		{BA9A9851-CF2A-41DD-ACC2-CEE365235913}.Debug|Any CPU.ActiveCfg = Debug|Any CPU
		{BA9A9851-CF2A-41DD-ACC2-CEE365235913}.Debug|Any CPU.Build.0 = Debug|Any CPU
		{BA9A9851-CF2A-41DD-ACC2-CEE365235913}.Release|Any CPU.ActiveCfg = Release|Any CPU
		{BA9A9851-CF2A-41DD-ACC2-CEE365235913}.Release|Any CPU.Build.0 = Release|Any CPU
		{76556359-E29F-4B72-98A9-9AD1D12C6BCF}.Debug|Any CPU.ActiveCfg = Debug|Any CPU
		{76556359-E29F-4B72-98A9-9AD1D12C6BCF}.Debug|Any CPU.Build.0 = Debug|Any CPU
		{76556359-E29F-4B72-98A9-9AD1D12C6BCF}.Release|Any CPU.ActiveCfg = Release|Any CPU
		{76556359-E29F-4B72-98A9-9AD1D12C6BCF}.Release|Any CPU.Build.0 = Release|Any CPU
		{5D7E4017-280C-41F3-A65F-EED307CC9D72}.Debug|Any CPU.ActiveCfg = Debug|Any CPU
		{5D7E4017-280C-41F3-A65F-EED307CC9D72}.Debug|Any CPU.Build.0 = Debug|Any CPU
		{5D7E4017-280C-41F3-A65F-EED307CC9D72}.Release|Any CPU.ActiveCfg = Release|Any CPU
		{5D7E4017-280C-41F3-A65F-EED307CC9D72}.Release|Any CPU.Build.0 = Release|Any CPU
		{3CF965D0-B364-4D41-8285-E4E4FA2FAE26}.Debug|Any CPU.ActiveCfg = Debug|Any CPU
		{3CF965D0-B364-4D41-8285-E4E4FA2FAE26}.Debug|Any CPU.Build.0 = Debug|Any CPU
		{3CF965D0-B364-4D41-8285-E4E4FA2FAE26}.Release|Any CPU.ActiveCfg = Release|Any CPU
		{3CF965D0-B364-4D41-8285-E4E4FA2FAE26}.Release|Any CPU.Build.0 = Release|Any CPU
	EndGlobalSection
	GlobalSection(SolutionProperties) = preSolution
		HideSolutionNode = FALSE
	EndGlobalSection
	GlobalSection(ExtensibilityGlobals) = postSolution
		SolutionGuid = {3BDB616B-A571-427B-B211-BE551EB95AA2}
	EndGlobalSection
EndGlobal
